
Microsoft Visual Studio Solution File, Format Version 12.00
# Visual Studio Version 17
VisualStudioVersion = 17.14.36705.20 d17.14
MinimumVisualStudioVersion = 10.0.40219.1
Project("{FAE04EC0-301F-11D3-BF4B-00C04F79EFBC}") = "RememberTheScreenshot", "RememberTheScreenshot\RememberTheScreenshot.csproj", "{DBE5BF1E-91E6-49BA-B056-30CD8D1D6F88}"
EndProject
Global
	GlobalSection(SolutionConfigurationPlatforms) = preSolution
		Debug|Any CPU = Debug|Any CPU
		Release|Any CPU = Release|Any CPU
	EndGlobalSection
	GlobalSection(ProjectConfigurationPlatforms) = postSolution
		{DBE5BF1E-91E6-49BA-B056-30CD8D1D6F88}.Debug|Any CPU.ActiveCfg = Debug|Any CPU
		{DBE5BF1E-91E6-49BA-B056-30CD8D1D6F88}.Debug|Any CPU.Build.0 = Debug|Any CPU
		{DBE5BF1E-91E6-49BA-B056-30CD8D1D6F88}.Release|Any CPU.ActiveCfg = Release|Any CPU
		{DBE5BF1E-91E6-49BA-B056-30CD8D1D6F88}.Release|Any CPU.Build.0 = Release|Any CPU
	EndGlobalSection
	GlobalSection(SolutionProperties) = preSolution
		HideSolutionNode = FALSE
	EndGlobalSection
	GlobalSection(ExtensibilityGlobals) = postSolution
		SolutionGuid = {2FE82EE4-CA70-4883-A852-D2F751899B52}
	EndGlobalSection
EndGlobal
